// !$*UTF8*$!
{
	archiveVersion = 1;
	classes = {
	};
	objectVersion = 50;
	objects = {

/* Begin PBXBuildFile section */
		74790031253DC00F00124217 /* main.cpp in Sources */ = {isa = PBXBuildFile; fileRef = 74790027253DC00F00124217 /* main.cpp */; };
		74790032253DC00F00124217 /* solution.cpp in Sources */ = {isa = PBXBuildFile; fileRef = 74790029253DC00F00124217 /* solution.cpp */; };
		74790033253DC00F00124217 /* opt_alg.cpp in Sources */ = {isa = PBXBuildFile; fileRef = 7479002C253DC00F00124217 /* opt_alg.cpp */; };
		74790034253DC00F00124217 /* matrix.cpp in Sources */ = {isa = PBXBuildFile; fileRef = 7479002E253DC00F00124217 /* matrix.cpp */; };
		74790035253DC00F00124217 /* ode_solver.cpp in Sources */ = {isa = PBXBuildFile; fileRef = 7479002F253DC00F00124217 /* ode_solver.cpp */; };
/* End PBXBuildFile section */

/* Begin PBXCopyFilesBuildPhase section */
		7479000C253D19EF00124217 /* CopyFiles */ = {
			isa = PBXCopyFilesBuildPhase;
			buildActionMask = 2147483647;
			dstPath = /usr/share/man/man1/;
			dstSubfolderSpec = 0;
			files = (
			);
			runOnlyForDeploymentPostprocessing = 1;
		};
/* End PBXCopyFilesBuildPhase section */

/* Begin PBXFileReference section */
		7479000E253D19EF00124217 /* OptimalizationLabs1 */ = {isa = PBXFileReference; explicitFileType = "compiled.mach-o.executable"; includeInIndex = 0; path = OptimalizationLabs1; sourceTree = BUILT_PRODUCTS_DIR; };
		74790027253DC00F00124217 /* main.cpp */ = {isa = PBXFileReference; fileEncoding = 4; lastKnownFileType = sourcecode.cpp.cpp; path = main.cpp; sourceTree = SOURCE_ROOT; };
		74790028253DC00F00124217 /* lab_no.h */ = {isa = PBXFileReference; fileEncoding = 4; lastKnownFileType = sourcecode.c.h; path = lab_no.h; sourceTree = SOURCE_ROOT; };
		74790029253DC00F00124217 /* solution.cpp */ = {isa = PBXFileReference; fileEncoding = 4; lastKnownFileType = sourcecode.cpp.cpp; path = solution.cpp; sourceTree = SOURCE_ROOT; };
		7479002A253DC00F00124217 /* solution.h */ = {isa = PBXFileReference; fileEncoding = 4; lastKnownFileType = sourcecode.c.h; path = solution.h; sourceTree = SOURCE_ROOT; };
		7479002B253DC00F00124217 /* ode_solver.h */ = {isa = PBXFileReference; fileEncoding = 4; lastKnownFileType = sourcecode.c.h; path = ode_solver.h; sourceTree = SOURCE_ROOT; };
		7479002C253DC00F00124217 /* opt_alg.cpp */ = {isa = PBXFileReference; fileEncoding = 4; lastKnownFileType = sourcecode.cpp.cpp; path = opt_alg.cpp; sourceTree = SOURCE_ROOT; };
		7479002D253DC00F00124217 /* opt_alg.h */ = {isa = PBXFileReference; fileEncoding = 4; lastKnownFileType = sourcecode.c.h; path = opt_alg.h; sourceTree = SOURCE_ROOT; };
		7479002E253DC00F00124217 /* matrix.cpp */ = {isa = PBXFileReference; fileEncoding = 4; lastKnownFileType = sourcecode.cpp.cpp; path = matrix.cpp; sourceTree = SOURCE_ROOT; };
		7479002F253DC00F00124217 /* ode_solver.cpp */ = {isa = PBXFileReference; fileEncoding = 4; lastKnownFileType = sourcecode.cpp.cpp; path = ode_solver.cpp; sourceTree = SOURCE_ROOT; };
		74790030253DC00F00124217 /* matrix.h */ = {isa = PBXFileReference; fileEncoding = 4; lastKnownFileType = sourcecode.c.h; path = matrix.h; sourceTree = SOURCE_ROOT; };
/* End PBXFileReference section */

/* Begin PBXFrameworksBuildPhase section */
		7479000B253D19EF00124217 /* Frameworks */ = {
			isa = PBXFrameworksBuildPhase;
			buildActionMask = 2147483647;
			files = (
			);
			runOnlyForDeploymentPostprocessing = 0;
		};
/* End PBXFrameworksBuildPhase section */

/* Begin PBXGroup section */
		74790005253D19EF00124217 = {
			isa = PBXGroup;
			children = (
				74790010253D19EF00124217 /* OptimalizationLabs1 */,
			);
			sourceTree = "<group>";
		};
		7479000F253D19EF00124217 /* Products */ = {
			isa = PBXGroup;
			children = (
				7479000E253D19EF00124217 /* OptimalizationLabs1 */,
			);
			name = Products;
			path = ..;
			sourceTree = "<group>";
		};
		74790010253D19EF00124217 /* OptimalizationLabs1 */ = {
			isa = PBXGroup;
			children = (
				74790028253DC00F00124217 /* lab_no.h */,
				74790027253DC00F00124217 /* main.cpp */,
				7479002E253DC00F00124217 /* matrix.cpp */,
				74790030253DC00F00124217 /* matrix.h */,
				7479002F253DC00F00124217 /* ode_solver.cpp */,
				7479002B253DC00F00124217 /* ode_solver.h */,
				7479002C253DC00F00124217 /* opt_alg.cpp */,
				7479002D253DC00F00124217 /* opt_alg.h */,
				74790029253DC00F00124217 /* solution.cpp */,
				7479002A253DC00F00124217 /* solution.h */,
				7479000F253D19EF00124217 /* Products */,
			);
			path = OptimalizationLabs1;
			sourceTree = "<group>";
		};
/* End PBXGroup section */

/* Begin PBXNativeTarget section */
		7479000D253D19EF00124217 /* OptimalizationLabs1 */ = {
			isa = PBXNativeTarget;
			buildConfigurationList = 74790015253D19EF00124217 /* Build configuration list for PBXNativeTarget "OptimalizationLabs1" */;
			buildPhases = (
				7479000A253D19EF00124217 /* Sources */,
				7479000B253D19EF00124217 /* Frameworks */,
				7479000C253D19EF00124217 /* CopyFiles */,
			);
			buildRules = (
			);
			dependencies = (
			);
			name = OptimalizationLabs1;
			productName = OptimalizationLabs1;
			productReference = 7479000E253D19EF00124217 /* OptimalizationLabs1 */;
			productType = "com.apple.product-type.tool";
		};
/* End PBXNativeTarget section */

/* Begin PBXProject section */
		74790006253D19EF00124217 /* Project object */ = {
			isa = PBXProject;
			attributes = {
				LastUpgradeCheck = 1170;
				ORGANIZATIONNAME = "Krzysztof Jarek";
				TargetAttributes = {
					7479000D253D19EF00124217 = {
						CreatedOnToolsVersion = 11.7;
					};
				};
			};
			buildConfigurationList = 74790009253D19EF00124217 /* Build configuration list for PBXProject "OptimalizationLabs1" */;
			compatibilityVersion = "Xcode 9.3";
			developmentRegion = en;
			hasScannedForEncodings = 0;
			knownRegions = (
				en,
				Base,
			);
			mainGroup = 74790005253D19EF00124217;
			productRefGroup = 7479000F253D19EF00124217 /* Products */;
			projectDirPath = "";
			projectRoot = "";
			targets = (
				7479000D253D19EF00124217 /* OptimalizationLabs1 */,
			);
		};
/* End PBXProject section */

/* Begin PBXSourcesBuildPhase section */
		7479000A253D19EF00124217 /* Sources */ = {
			isa = PBXSourcesBuildPhase;
			buildActionMask = 2147483647;
			files = (
				74790035253DC00F00124217 /* ode_solver.cpp in Sources */,
				74790034253DC00F00124217 /* matrix.cpp in Sources */,
				74790032253DC00F00124217 /* solution.cpp in Sources */,
				74790033253DC00F00124217 /* opt_alg.cpp in Sources */,
				74790031253DC00F00124217 /* main.cpp in Sources */,
			);
			runOnlyForDeploymentPostprocessing = 0;
		};
/* End PBXSourcesBuildPhase section */

/* Begin XCBuildConfiguration section */
		74790013253D19EF00124217 /* Debug */ = {
			isa = XCBuildConfiguration;
			buildSettings = {
				ALWAYS_SEARCH_USER_PATHS = NO;
				CLANG_ANALYZER_NONNULL = YES;
				CLANG_ANALYZER_NUMBER_OBJECT_CONVERSION = YES_AGGRESSIVE;
				CLANG_CXX_LANGUAGE_STANDARD = "gnu++14";
				CLANG_CXX_LIBRARY = "libc++";
				CLANG_ENABLE_MODULES = YES;
				CLANG_ENABLE_OBJC_ARC = YES;
				CLANG_ENABLE_OBJC_WEAK = YES;
				CLANG_WARN_BLOCK_CAPTURE_AUTORELEASING = YES;
				CLANG_WARN_BOOL_CONVERSION = YES;
				CLANG_WARN_COMMA = YES;
				CLANG_WARN_CONSTANT_CONVERSION = YES;
				CLANG_WARN_DEPRECATED_OBJC_IMPLEMENTATIONS = YES;
				CLANG_WARN_DIRECT_OBJC_ISA_USAGE = YES_ERROR;
				CLANG_WARN_DOCUMENTATION_COMMENTS = YES;
				CLANG_WARN_EMPTY_BODY = YES;
				CLANG_WARN_ENUM_CONVERSION = YES;
				CLANG_WARN_INFINITE_RECURSION = YES;
				CLANG_WARN_INT_CONVERSION = YES;
				CLANG_WARN_NON_LITERAL_NULL_CONVERSION = YES;
				CLANG_WARN_OBJC_IMPLICIT_RETAIN_SELF = YES;
				CLANG_WARN_OBJC_LITERAL_CONVERSION = YES;
				CLANG_WARN_OBJC_ROOT_CLASS = YES_ERROR;
				CLANG_WARN_RANGE_LOOP_ANALYSIS = YES;
				CLANG_WARN_STRICT_PROTOTYPES = YES;
				CLANG_WARN_SUSPICIOUS_MOVE = YES;
				CLANG_WARN_UNGUARDED_AVAILABILITY = YES_AGGRESSIVE;
				CLANG_WARN_UNREACHABLE_CODE = YES;
				CLANG_WARN__DUPLICATE_METHOD_MATCH = YES;
				COPY_PHASE_STRIP = NO;
				DEBUG_INFORMATION_FORMAT = dwarf;
				ENABLE_STRICT_OBJC_MSGSEND = YES;
				ENABLE_TESTABILITY = YES;
				GCC_C_LANGUAGE_STANDARD = gnu11;
				GCC_DYNAMIC_NO_PIC = NO;
				GCC_NO_COMMON_BLOCKS = YES;
				GCC_OPTIMIZATION_LEVEL = 0;
				GCC_PREPROCESSOR_DEFINITIONS = (
					"DEBUG=1",
					"$(inherited)",
				);
				GCC_WARN_64_TO_32_BIT_CONVERSION = YES;
				GCC_WARN_ABOUT_RETURN_TYPE = YES_ERROR;
				GCC_WARN_UNDECLARED_SELECTOR = YES;
				GCC_WARN_UNINITIALIZED_AUTOS = YES_AGGRESSIVE;
				GCC_WARN_UNUSED_FUNCTION = YES;
				GCC_WARN_UNUSED_VARIABLE = YES;
				MACOSX_DEPLOYMENT_TARGET = 10.15;
				MTL_ENABLE_DEBUG_INFO = INCLUDE_SOURCE;
				MTL_FAST_MATH = YES;
				ONLY_ACTIVE_ARCH = YES;
				SDKROOT = macosx;
			};
			name = Debug;
		};
		74790014253D19EF00124217 /* Release */ = {
			isa = XCBuildConfiguration;
			buildSettings = {
				ALWAYS_SEARCH_USER_PATHS = NO;
				CLANG_ANALYZER_NONNULL = YES;
				CLANG_ANALYZER_NUMBER_OBJECT_CONVERSION = YES_AGGRESSIVE;
				CLANG_CXX_LANGUAGE_STANDARD = "gnu++14";
				CLANG_CXX_LIBRARY = "libc++";
				CLANG_ENABLE_MODULES = YES;
				CLANG_ENABLE_OBJC_ARC = YES;
				CLANG_ENABLE_OBJC_WEAK = YES;
				CLANG_WARN_BLOCK_CAPTURE_AUTORELEASING = YES;
				CLANG_WARN_BOOL_CONVERSION = YES;
				CLANG_WARN_COMMA = YES;
				CLANG_WARN_CONSTANT_CONVERSION = YES;
				CLANG_WARN_DEPRECATED_OBJC_IMPLEMENTATIONS = YES;
				CLANG_WARN_DIRECT_OBJC_ISA_USAGE = YES_ERROR;
				CLANG_WARN_DOCUMENTATION_COMMENTS = YES;
				CLANG_WARN_EMPTY_BODY = YES;
				CLANG_WARN_ENUM_CONVERSION = YES;
				CLANG_WARN_INFINITE_RECURSION = YES;
				CLANG_WARN_INT_CONVERSION = YES;
				CLANG_WARN_NON_LITERAL_NULL_CONVERSION = YES;
				CLANG_WARN_OBJC_IMPLICIT_RETAIN_SELF = YES;
				CLANG_WARN_OBJC_LITERAL_CONVERSION = YES;
				CLANG_WARN_OBJC_ROOT_CLASS = YES_ERROR;
				CLANG_WARN_RANGE_LOOP_ANALYSIS = YES;
				CLANG_WARN_STRICT_PROTOTYPES = YES;
				CLANG_WARN_SUSPICIOUS_MOVE = YES;
				CLANG_WARN_UNGUARDED_AVAILABILITY = YES_AGGRESSIVE;
				CLANG_WARN_UNREACHABLE_CODE = YES;
				CLANG_WARN__DUPLICATE_METHOD_MATCH = YES;
				COPY_PHASE_STRIP = NO;
				DEBUG_INFORMATION_FORMAT = "dwarf-with-dsym";
				ENABLE_NS_ASSERTIONS = NO;
				ENABLE_STRICT_OBJC_MSGSEND = YES;
				GCC_C_LANGUAGE_STANDARD = gnu11;
				GCC_NO_COMMON_BLOCKS = YES;
				GCC_WARN_64_TO_32_BIT_CONVERSION = YES;
				GCC_WARN_ABOUT_RETURN_TYPE = YES_ERROR;
				GCC_WARN_UNDECLARED_SELECTOR = YES;
				GCC_WARN_UNINITIALIZED_AUTOS = YES_AGGRESSIVE;
				GCC_WARN_UNUSED_FUNCTION = YES;
				GCC_WARN_UNUSED_VARIABLE = YES;
				MACOSX_DEPLOYMENT_TARGET = 10.15;
				MTL_ENABLE_DEBUG_INFO = NO;
				MTL_FAST_MATH = YES;
				SDKROOT = macosx;
			};
			name = Release;
		};
		74790016253D19EF00124217 /* Debug */ = {
			isa = XCBuildConfiguration;
			buildSettings = {
				CODE_SIGN_STYLE = Automatic;
				PRODUCT_NAME = "$(TARGET_NAME)";
			};
			name = Debug;
		};
		74790017253D19EF00124217 /* Release */ = {
			isa = XCBuildConfiguration;
			buildSettings = {
				CODE_SIGN_STYLE = Automatic;
				PRODUCT_NAME = "$(TARGET_NAME)";
			};
			name = Release;
		};
/* End XCBuildConfiguration section */

/* Begin XCConfigurationList section */
		74790009253D19EF00124217 /* Build configuration list for PBXProject "OptimalizationLabs1" */ = {
			isa = XCConfigurationList;
			buildConfigurations = (
				74790013253D19EF00124217 /* Debug */,
				74790014253D19EF00124217 /* Release */,
			);
			defaultConfigurationIsVisible = 0;
			defaultConfigurationName = Release;
		};
		74790015253D19EF00124217 /* Build configuration list for PBXNativeTarget "OptimalizationLabs1" */ = {
			isa = XCConfigurationList;
			buildConfigurations = (
				74790016253D19EF00124217 /* Debug */,
				74790017253D19EF00124217 /* Release */,
			);
			defaultConfigurationIsVisible = 0;
			defaultConfigurationName = Release;
		};
/* End XCConfigurationList section */
	};
	rootObject = 74790006253D19EF00124217 /* Project object */;
}
